
Microsoft Visual Studio Solution File, Format Version 12.00
# Visual Studio Version 17
VisualStudioVersion = 17.7.34031.279
MinimumVisualStudioVersion = 10.0.40219.1
Project("{FAE04EC0-301F-11D3-BF4B-00C04F79EFBC}") = "Praktika3EF", "Praktika3EF\Praktika3EF.csproj", "{B2604F85-76B4-410A-B10A-E55987DA9E3A}"
EndProject
Global
	GlobalSection(SolutionConfigurationPlatforms) = preSolution
		Debug|Any CPU = Debug|Any CPU
		Release|Any CPU = Release|Any CPU
	EndGlobalSection
	GlobalSection(ProjectConfigurationPlatforms) = postSolution
		{B2604F85-76B4-410A-B10A-E55987DA9E3A}.Debug|Any CPU.ActiveCfg = Debug|Any CPU
		{B2604F85-76B4-410A-B10A-E55987DA9E3A}.Debug|Any CPU.Build.0 = Debug|Any CPU
		{B2604F85-76B4-410A-B10A-E55987DA9E3A}.Release|Any CPU.ActiveCfg = Release|Any CPU
		{B2604F85-76B4-410A-B10A-E55987DA9E3A}.Release|Any CPU.Build.0 = Release|Any CPU
	EndGlobalSection
	GlobalSection(SolutionProperties) = preSolution
		HideSolutionNode = FALSE
	EndGlobalSection
	GlobalSection(ExtensibilityGlobals) = postSolution
		SolutionGuid = {1B1CF33B-3B1D-4C1A-A25F-DCA79B564D5D}
	EndGlobalSection
EndGlobal
